
Microsoft Visual Studio Solution File, Format Version 12.00
# Visual Studio Version 16
VisualStudioVersion = 16.0.31729.503
MinimumVisualStudioVersion = 10.0.40219.1
Project("{FAE04EC0-301F-11D3-BF4B-00C04F79EFBC}") = "NerdHelper", "NerdHelper.csproj", "{41D29315-ED3F-4813-A316-3A284AF65CAC}"
EndProject
Global
	GlobalSection(SolutionConfigurationPlatforms) = preSolution
		Debug|Any CPU = Debug|Any CPU
		Release|Any CPU = Release|Any CPU
	EndGlobalSection
	GlobalSection(ProjectConfigurationPlatforms) = postSolution
		{41D29315-ED3F-4813-A316-3A284AF65CAC}.Debug|Any CPU.ActiveCfg = Debug|Any CPU
		{41D29315-ED3F-4813-A316-3A284AF65CAC}.Debug|Any CPU.Build.0 = Debug|Any CPU
		{41D29315-ED3F-4813-A316-3A284AF65CAC}.Release|Any CPU.ActiveCfg = Release|Any CPU
		{41D29315-ED3F-4813-A316-3A284AF65CAC}.Release|Any CPU.Build.0 = Release|Any CPU
	EndGlobalSection
	GlobalSection(SolutionProperties) = preSolution
		HideSolutionNode = FALSE
	EndGlobalSection
	GlobalSection(ExtensibilityGlobals) = postSolution
		SolutionGuid = {166FBAB5-84F5-4924-8A39-D2F770994ED4}
	EndGlobalSection
EndGlobal
